
Microsoft Visual Studio Solution File, Format Version 12.00
# Visual Studio Version 17
VisualStudioVersion = 17.3.32922.545
MinimumVisualStudioVersion = 10.0.40219.1
Project("{FAE04EC0-301F-11D3-BF4B-00C04F79EFBC}") = "WebApp", "WebApp\WebApp.csproj", "{56862831-CAC6-45B9-B6AC-244452E17B17}"
EndProject
Global
	GlobalSection(SolutionConfigurationPlatforms) = preSolution
		Debug|Any CPU = Debug|Any CPU
		Release|Any CPU = Release|Any CPU
	EndGlobalSection
	GlobalSection(ProjectConfigurationPlatforms) = postSolution
		{56862831-CAC6-45B9-B6AC-244452E17B17}.Debug|Any CPU.ActiveCfg = Debug|Any CPU
		{56862831-CAC6-45B9-B6AC-244452E17B17}.Debug|Any CPU.Build.0 = Debug|Any CPU
		{56862831-CAC6-45B9-B6AC-244452E17B17}.Release|Any CPU.ActiveCfg = Release|Any CPU
		{56862831-CAC6-45B9-B6AC-244452E17B17}.Release|Any CPU.Build.0 = Release|Any CPU
	EndGlobalSection
	GlobalSection(SolutionProperties) = preSolution
		HideSolutionNode = FALSE
	EndGlobalSection
	GlobalSection(ExtensibilityGlobals) = postSolution
		SolutionGuid = {AE9FCBEB-D3A5-444E-8502-E6FCFB6F658C}
	EndGlobalSection
EndGlobal
